// !$*UTF8*$!
{
	"archiveVersion" = "1";
	"classes" = {
	};
	"objectVersion" = "56";
	"objects" = {
		"00694448F828D7C21AC6AFD6" = {
			"fileRef" = "7CC25714D7F275ADB9F5EF4B";
			"isa" = "PBXBuildFile";
		};
		"059B2AB4904EA3BC1510A526" = {
			"isa" = "PBXFileReference";
			"lastKnownFileType" = "sourcecode.swift";
			"path" = "PGYDepthDemo/UI/PhotoCanvas.swift";
			"sourceTree" = "<group>";
		};
		"06A564AACE985B9950D1CEF3" = {
			"buildActionMask" = "2147483647";
			"files" = (
				"A3B536CEC5AE3A4A3167642D",
				"9B324D754744AEA7780FE8F5",
				"0818DA54BC561824AF24692F",
				"946CBCBBD86B8A0D463C5F66",
				"A30C021BBF48AFB1FD251A78",
			);
			"isa" = "PBXResourcesBuildPhase";
			"runOnlyForDeploymentPostprocessing" = "0";
		};
		"0818DA54BC561824AF24692F" = {
			"fileRef" = "E56E7B1DDFFD9620669FE97B";
			"isa" = "PBXBuildFile";
		};
		"09B0AF2B5F371E7B11BF156E" = {
			"fileRef" = "23053BA9103A22D6D431595B";
			"isa" = "PBXBuildFile";
		};
		"0AB060A176FCFFBF1E43EA32" = {
			"fileRef" = "6B62F45C1AB54F57EB47AC57";
			"isa" = "PBXBuildFile";
		};
		"0AD6ABDA1B1D24AB455AAB5B" = {
			"fileRef" = "40C27E6AA253F02296512C87";
			"isa" = "PBXBuildFile";
		};
		"0AF2650F7F3108D6E801BB76" = {
			"isa" = "PBXFileReference";
			"lastKnownFileType" = "text.xml";
			"path" = "PGYDepthDemo/Resources/PrivacyInfo.xcprivacy";
			"sourceTree" = "<group>";
		};
		"0BBD343A34F89D3F4FFFDBA7" = {
			"fileRef" = "36B444C1D3BC9D42E4881C32";
			"isa" = "PBXBuildFile";
		};
		"0F3D67935A4F199E058A017A" = {
			"buildSettings" = {
				"BUNDLE_LOADER" = "$(TEST_HOST)";
				"CODE_SIGN_STYLE" = "Automatic";
				"DEVELOPMENT_TEAM" = "";
				"GENERATE_INFOPLIST_FILE" = "YES";
				"LD_RUNPATH_SEARCH_PATHS" = (
					"$(inherited)",
					"@executable_path/Frameworks",
					"@loader_path/Frameworks",
				);
				"PRODUCT_BUNDLE_IDENTIFIER" = "com.pgy.depthdemo.tests";
				"PRODUCT_NAME" = "$(TARGET_NAME)";
				"SUPPORTED_PLATFORMS" = "iphoneos iphonesimulator";
				"TARGETED_DEVICE_FAMILY" = "1";
				"TEST_HOST" = "$(BUILT_PRODUCTS_DIR)/PGYDepthDemo.app/PGYDepthDemo";
				"TEST_TARGET_NAME" = "PGYDepthDemo";
			};
			"isa" = "XCBuildConfiguration";
			"name" = "Debug";
		};
		"1459B37E144B9A1F20B304CF" = {
			"fileRef" = "783620D0A9B5C08AB8E6E8F4";
			"isa" = "PBXBuildFile";
		};
		"17286080BFC8E6A0D5126909" = {
			"isa" = "PBXFileReference";
			"lastKnownFileType" = "sourcecode.swift";
			"path" = "PGYDepthDemo/Imaging/LayerOverlay.swift";
			"sourceTree" = "<group>";
		};
		"1A1F5367EFBF19A3F22FAF57" = {
			"isa" = "PBXFileReference";
			"lastKnownFileType" = "sourcecode.swift";
			"path" = "PGYDepthDemo/Core/EditRecipe.swift";
			"sourceTree" = "<group>";
		};
		"1ABF84E55BD30AC2CEF8FC42" = {
			"buildActionMask" = "2147483647";
			"files" = (
			);
			"isa" = "PBXFrameworksBuildPhase";
			"runOnlyForDeploymentPostprocessing" = "0";
		};
		"1BDBD24583AAF7F81F76B976" = {
			"children" = (
				"599DCA26DC389E7EC1D5D468",
				"2015F6614F0C718480A07F0F",
				"40C27E6AA253F02296512C87",
				"1A1F5367EFBF19A3F22FAF57",
				"3A25599954E1A6270DC9CF13",
				"A16BB2713E53DC98DBA91D0D",
				"3E04897177096851D8FE9F35",
				"DEFC8B567BAE23C84A832BC8",
				"5A0482D5492045B513253899",
				"F7FA114F8EFAD8CDA2BC1DBD",
				"CCDE047781498271DFE3F6E8",
				"ABDB83D8BAD8839EE45E2E2F",
				"F2A0095C16D09A6992C4534D",
				"C44D0F0889ECBC3C6F0B7AC6",
				"DE31F2DA4F38AA6EFCEB6806",
				"059B2AB4904EA3BC1510A526",
				"7CC25714D7F275ADB9F5EF4B",
				"959C89D15F3308736F693F58",
				"17286080BFC8E6A0D5126909",
				"32F3F86BD30B28F818016228",
				"D2363CBAB8F7D6A61D03A841",
				"3A165AB7CB62347783BD6AFF",
				"B6B88D528A146A797610E076",
				"36B444C1D3BC9D42E4881C32",
			);
			"isa" = "PBXGroup";
			"name" = "Swift Sources";
			"sourceTree" = "<group>";
		};
		"1EEDB1E87BD929B97AA60721" = {
			"isa" = "PBXFileReference";
			"lastKnownFileType" = "sourcecode.swift";
			"path" = "Tests/DepthCoreTests/DepthCoreTests.swift";
			"sourceTree" = "<group>";
		};
		"2015F6614F0C718480A07F0F" = {
			"isa" = "PBXFileReference";
			"lastKnownFileType" = "sourcecode.swift";
			"path" = "PGYDepthDemo/Core/DepthField.swift";
			"sourceTree" = "<group>";
		};
		"20B70E15FDC36C625E57F658" = {
			"buildSettings" = {
				"BUNDLE_LOADER" = "$(TEST_HOST)";
				"CODE_SIGN_STYLE" = "Automatic";
				"DEVELOPMENT_TEAM" = "";
				"GENERATE_INFOPLIST_FILE" = "YES";
				"LD_RUNPATH_SEARCH_PATHS" = (
					"$(inherited)",
					"@executable_path/Frameworks",
					"@loader_path/Frameworks",
				);
				"PRODUCT_BUNDLE_IDENTIFIER" = "com.pgy.depthdemo.tests";
				"PRODUCT_NAME" = "$(TARGET_NAME)";
				"SUPPORTED_PLATFORMS" = "iphoneos iphonesimulator";
				"TARGETED_DEVICE_FAMILY" = "1";
				"TEST_HOST" = "$(BUILT_PRODUCTS_DIR)/PGYDepthDemo.app/PGYDepthDemo";
				"TEST_TARGET_NAME" = "PGYDepthDemo";
			};
			"isa" = "XCBuildConfiguration";
			"name" = "Release";
		};
		"23053BA9103A22D6D431595B" = {
			"isa" = "PBXFileReference";
			"lastKnownFileType" = "sourcecode.swift";
			"path" = "Tests/DepthCoreTests/AutomaticDepthReferenceTests.swift";
			"sourceTree" = "<group>";
		};
		"27EDA01F986DA5EFCB134E3D" = {
			"children" = (
				"4E0EB8D64FC4C63976C2293E",
				"0AF2650F7F3108D6E801BB76",
				"ED736F39B485F0B4AD799429",
				"E56E7B1DDFFD9620669FE97B",
				"ADA00C0CA61D66D19103BCA7",
				"E499EACA301647D4A134B2C2",
				"42FC43CB06AF79BE44C1A1CB",
			);
			"isa" = "PBXGroup";
			"name" = "Resources";
			"sourceTree" = "<group>";
		};
		"2A29A8C7E653D4DBCA757D07" = {
			"fileRef" = "D2363CBAB8F7D6A61D03A841";
			"isa" = "PBXBuildFile";
		};
		"322042D878B8BB65BD326D05" = {
			"fileRef" = "5A0482D5492045B513253899";
			"isa" = "PBXBuildFile";
		};
		"32F3F86BD30B28F818016228" = {
			"isa" = "PBXFileReference";
			"lastKnownFileType" = "sourcecode.swift";
			"path" = "PGYDepthDemo/Core/SceneLayers.swift";
			"sourceTree" = "<group>";
		};
		"36B331B3E766D04AAB11013F" = {
			"fileRef" = "C44D0F0889ECBC3C6F0B7AC6";
			"isa" = "PBXBuildFile";
		};
		"36B444C1D3BC9D42E4881C32" = {
			"isa" = "PBXFileReference";
			"lastKnownFileType" = "sourcecode.swift";
			"path" = "PGYDepthDemo/Core/InferredDepth.swift";
			"sourceTree" = "<group>";
		};
		"388CEBA65F01473492717E7F" = {
			"fileRef" = "17286080BFC8E6A0D5126909";
			"isa" = "PBXBuildFile";
		};
		"3A165AB7CB62347783BD6AFF" = {
			"isa" = "PBXFileReference";
			"lastKnownFileType" = "sourcecode.swift";
			"path" = "PGYDepthDemo/UI/LayerDrawingCanvas.swift";
			"sourceTree" = "<group>";
		};
		"3A25599954E1A6270DC9CF13" = {
			"isa" = "PBXFileReference";
			"lastKnownFileType" = "sourcecode.swift";
			"path" = "PGYDepthDemo/Core/ImageGeometry.swift";
			"sourceTree" = "<group>";
		};
		"3E04897177096851D8FE9F35" = {
			"isa" = "PBXFileReference";
			"lastKnownFileType" = "sourcecode.swift";
			"path" = "PGYDepthDemo/Imaging/DepthRenderer.swift";
			"sourceTree" = "<group>";
		};
		"40C27E6AA253F02296512C87" = {
			"isa" = "PBXFileReference";
			"lastKnownFileType" = "sourcecode.swift";
			"path" = "PGYDepthDemo/Core/DraftStore.swift";
			"sourceTree" = "<group>";
		};
		"42FC43CB06AF79BE44C1A1CB" = {
			"isa" = "PBXFileReference";
			"lastKnownFileType" = "text.json";
			"path" = "PGYDepthDemo/Resources/ModelInfo.json";
			"sourceTree" = "<group>";
		};
		"43636CD4F562D685873A3915" = {
			"isa" = "PBXFileReference";
			"lastKnownFileType" = "sourcecode.swift";
			"path" = "Tests/DepthCoreTests/AutomaticDepthTests.swift";
			"sourceTree" = "<group>";
		};
		"468C4E1EA43080D4270CD53C" = {
			"fileRef" = "3E04897177096851D8FE9F35";
			"isa" = "PBXBuildFile";
		};
		"4DC04B1012CFBB8C459E7AB3" = {
			"fileRef" = "599DCA26DC389E7EC1D5D468";
			"isa" = "PBXBuildFile";
		};
		"4E0EB8D64FC4C63976C2293E" = {
			"isa" = "PBXFileReference";
			"lastKnownFileType" = "folder.assetcatalog";
			"path" = "PGYDepthDemo/Resources/Assets.xcassets";
			"sourceTree" = "<group>";
		};
		"51A714F4FDBC7A83BF87E146" = {
			"isa" = "PBXFileReference";
			"lastKnownFileType" = "net.daringfireball.markdown";
			"path" = "Docs/TEST_PLAN.md";
			"sourceTree" = "<group>";
		};
		"5458371C670E275C1715A570" = {
			"fileRef" = "DE31F2DA4F38AA6EFCEB6806";
			"isa" = "PBXBuildFile";
		};
		"550FEBBE252641242DA80FDE" = {
			"buildConfigurations" = (
				"89E1FD6268CC0F221A2BE178",
				"E6DE6C99132752C914FEF632",
			);
			"defaultConfigurationIsVisible" = "0";
			"defaultConfigurationName" = "Release";
			"isa" = "XCConfigurationList";
		};
		"5854CDEE270C3BBA7044435D" = {
			"fileRef" = "1A1F5367EFBF19A3F22FAF57";
			"isa" = "PBXBuildFile";
		};
		"599DCA26DC389E7EC1D5D468" = {
			"isa" = "PBXFileReference";
			"lastKnownFileType" = "sourcecode.swift";
			"path" = "PGYDepthDemo/App/PGYDepthDemoApp.swift";
			"sourceTree" = "<group>";
		};
		"5A0482D5492045B513253899" = {
			"isa" = "PBXFileReference";
			"lastKnownFileType" = "sourcecode.swift";
			"path" = "PGYDepthDemo/Imaging/NativeSubjectSegmenter.swift";
			"sourceTree" = "<group>";
		};
		"5A8C91857F674E16E2724F47" = {
			"buildSettings" = {
				"CODE_SIGN_STYLE" = "Automatic";
				"COREML_CODEGEN_LANGUAGE" = "Swift";
				"CURRENT_PROJECT_VERSION" = "4";
				"DEVELOPMENT_TEAM" = "";
				"GENERATE_INFOPLIST_FILE" = "NO";
				"INFOPLIST_FILE" = "PGYDepthDemo/Resources/Info.plist";
				"LD_RUNPATH_SEARCH_PATHS" = (
					"$(inherited)",
					"@executable_path/Frameworks",
				);
				"MARKETING_VERSION" = "4.0";
				"PRODUCT_BUNDLE_IDENTIFIER" = "com.pgy.depthdemo";
				"PRODUCT_NAME" = "$(TARGET_NAME)";
				"SUPPORTED_PLATFORMS" = "iphoneos iphonesimulator";
				"SUPPORTS_MACCATALYST" = "NO";
				"SUPPORTS_MAC_DESIGNED_FOR_IPHONE_IPAD" = "NO";
				"SWIFT_EMIT_LOC_STRINGS" = "NO";
				"TARGETED_DEVICE_FAMILY" = "1";
			};
			"isa" = "XCBuildConfiguration";
			"name" = "Release";
		};
		"5F6CC23D3EEEC3E84260DD6C" = {
			"isa" = "PBXFileReference";
			"lastKnownFileType" = "sourcecode.swift";
			"path" = "Tests/IOS/CoreMLSmokeTests.swift";
			"sourceTree" = "<group>";
		};
		"5FD44A720CC59C5836132F95" = {
			"fileRef" = "959C89D15F3308736F693F58";
			"isa" = "PBXBuildFile";
		};
		"625A9FDF7EE4D38F2C909F68" = {
			"fileRef" = "D09BC193AFEF8AB741F53515";
			"isa" = "PBXBuildFile";
		};
		"63FD85D64FFA95F10BBA1050" = {
			"fileRef" = "B6B88D528A146A797610E076";
			"isa" = "PBXBuildFile";
		};
		"64BCB755386F844C96A2A5B0" = {
			"buildConfigurationList" = "BBD1A4309DD6635F34F23AFF";
			"buildPhases" = (
				"D6D3EFCD007A068187E3C9F7",
				"1ABF84E55BD30AC2CEF8FC42",
				"78252A5B36D6B59690F60CC9",
			);
			"buildRules" = (
			);
			"dependencies" = (
				"C58B1D22E6B06406536A4294",
			);
			"isa" = "PBXNativeTarget";
			"name" = "PGYDepthDemoTests";
			"productName" = "PGYDepthDemoTests";
			"productReference" = "F219C0274590DA45E4BEF1EA";
			"productType" = "com.apple.product-type.bundle.unit-test";
		};
		"65593D177715FA5CD739FA7A" = {
			"fileRef" = "F2A0095C16D09A6992C4534D";
			"isa" = "PBXBuildFile";
		};
		"6B00C7F6BAB8320932B55F23" = {
			"fileRef" = "ADA00C0CA61D66D19103BCA7";
			"isa" = "PBXBuildFile";
		};
		"6B62F45C1AB54F57EB47AC57" = {
			"isa" = "PBXFileReference";
			"lastKnownFileType" = "sourcecode.swift";
			"path" = "Tests/DepthCoreTests/SceneLayerTests.swift";
			"sourceTree" = "<group>";
		};
		"7072E384B5829D4867024236" = {
			"fileRef" = "9C0345464CE7EDAC9B2119FA";
			"isa" = "PBXBuildFile";
		};
		"781C382D6CB5E746D0C1A1E1" = {
			"fileRef" = "CC3717FB8D91C26FA7C660DF";
			"isa" = "PBXBuildFile";
		};
		"78252A5B36D6B59690F60CC9" = {
			"buildActionMask" = "2147483647";
			"files" = (
				"625A9FDF7EE4D38F2C909F68",
				"E0CE9343BBFFF169E3BCA18A",
				"AE77BC712D42DF74CC7FF76F",
			);
			"isa" = "PBXResourcesBuildPhase";
			"runOnlyForDeploymentPostprocessing" = "0";
		};
		"783620D0A9B5C08AB8E6E8F4" = {
			"isa" = "PBXFileReference";
			"lastKnownFileType" = "sourcecode.swift";
			"path" = "Tests/DepthCoreTests/ReferenceSceneTests.swift";
			"sourceTree" = "<group>";
		};
		"78AE8C6BEB2A40A6D824CCEE" = {
			"buildActionMask" = "2147483647";
			"files" = (
			);
			"isa" = "PBXFrameworksBuildPhase";
			"runOnlyForDeploymentPostprocessing" = "0";
		};
		"7A89BF9D4E0E909EC74A5984" = {
			"fileRef" = "FA7A94155BEC7FFBEAD8546A";
			"isa" = "PBXBuildFile";
		};
		"7CC25714D7F275ADB9F5EF4B" = {
			"isa" = "PBXFileReference";
			"lastKnownFileType" = "sourcecode.swift";
			"path" = "PGYDepthDemo/UI/ReferenceControls.swift";
			"sourceTree" = "<group>";
		};
		"7D385C39C0888DDF671A905A" = {
			"fileRef" = "2015F6614F0C718480A07F0F";
			"isa" = "PBXBuildFile";
		};
		"85ACFFD750A1F58C31770A29" = {
			"fileRef" = "3A25599954E1A6270DC9CF13";
			"isa" = "PBXBuildFile";
		};
		"89E1FD6268CC0F221A2BE178" = {
			"buildSettings" = {
				"ALWAYS_SEARCH_USER_PATHS" = "NO";
				"CLANG_ENABLE_MODULES" = "YES";
				"CLANG_ENABLE_OBJC_ARC" = "YES";
				"CLANG_WARN_DOCUMENTATION_COMMENTS" = "YES";
				"DEBUG_INFORMATION_FORMAT" = "dwarf";
				"ENABLE_TESTABILITY" = "YES";
				"ENABLE_USER_SCRIPT_SANDBOXING" = "YES";
				"GCC_NO_COMMON_BLOCKS" = "YES";
				"IPHONEOS_DEPLOYMENT_TARGET" = "17.0";
				"ONLY_ACTIVE_ARCH" = "YES";
				"SDKROOT" = "iphoneos";
				"SWIFT_ACTIVE_COMPILATION_CONDITIONS" = "DEBUG $(inherited)";
				"SWIFT_OPTIMIZATION_LEVEL" = "-Onone";
				"SWIFT_STRICT_CONCURRENCY" = "minimal";
				"SWIFT_VERSION" = "5.0";
			};
			"isa" = "XCBuildConfiguration";
			"name" = "Debug";
		};
		"8BCD5BC4CDFDF0918087C782" = {
			"explicitFileType" = "wrapper.application";
			"includeInIndex" = "0";
			"isa" = "PBXFileReference";
			"path" = "PGYDepthDemo.app";
			"sourceTree" = "BUILT_PRODUCTS_DIR";
		};
		"8D0675BAA2B49F4DE255FC36" = {
			"fileRef" = "DEFC8B567BAE23C84A832BC8";
			"isa" = "PBXBuildFile";
		};
		"8F662BDA42B940A5C936BF62" = {
			"fileRef" = "32F3F86BD30B28F818016228";
			"isa" = "PBXBuildFile";
		};
		"90C7DA61816622A5DEC48B86" = {
			"fileRef" = "E26CB7841AE1D91A07BC586F";
			"isa" = "PBXBuildFile";
		};
		"946CBCBBD86B8A0D463C5F66" = {
			"fileRef" = "E499EACA301647D4A134B2C2";
			"isa" = "PBXBuildFile";
		};
		"9583C047CE64A1BD1AFD7B19" = {
			"isa" = "PBXFileReference";
			"lastKnownFileType" = "file";
			"path" = "Tests/Fixtures/AutomaticReference.f32";
			"sourceTree" = "<group>";
		};
		"959C89D15F3308736F693F58" = {
			"isa" = "PBXFileReference";
			"lastKnownFileType" = "sourcecode.swift";
			"path" = "PGYDepthDemo/State/LayerEditorModel.swift";
			"sourceTree" = "<group>";
		};
		"97982B602F2977C6843FE1E1" = {
			"fileRef" = "CCDE047781498271DFE3F6E8";
			"isa" = "PBXBuildFile";
		};
		"98F54143AB4E86B28C3AFEE0" = {
			"attributes" = {
				"BuildIndependentTargetsInParallel" = "YES";
				"LastUpgradeCheck" = "1500";
				"TargetAttributes" = {
					"64BCB755386F844C96A2A5B0" = {
						"CreatedOnToolsVersion" = "15.0";
						"TestTargetID" = "C13732C8E715C9BEE4FA51C9";
					};
					"C13732C8E715C9BEE4FA51C9" = {
						"CreatedOnToolsVersion" = "15.0";
					};
				};
			};
			"buildConfigurationList" = "550FEBBE252641242DA80FDE";
			"compatibilityVersion" = "Xcode 14.0";
			"developmentRegion" = "zh_CN";
			"hasScannedForEncodings" = "0";
			"isa" = "PBXProject";
			"knownRegions" = (
				"en",
				"zh-Hans",
				"Base",
			);
			"mainGroup" = "E50290A24C49A459B43487C5";
			"productRefGroup" = "FBDC4F23F93125BBEEAE800C";
			"projectDirPath" = "";
			"projectRoot" = "";
			"targets" = (
				"C13732C8E715C9BEE4FA51C9",
				"64BCB755386F844C96A2A5B0",
			);
		};
		"9B324D754744AEA7780FE8F5" = {
			"fileRef" = "0AF2650F7F3108D6E801BB76";
			"isa" = "PBXBuildFile";
		};
		"9C0345464CE7EDAC9B2119FA" = {
			"isa" = "PBXFileReference";
			"lastKnownFileType" = "sourcecode.swift";
			"path" = "Tests/IOS/ImagingTests.swift";
			"sourceTree" = "<group>";
		};
		"A0FD69ABAF129BB140E7A283" = {
			"fileRef" = "43636CD4F562D685873A3915";
			"isa" = "PBXBuildFile";
		};
		"A16BB2713E53DC98DBA91D0D" = {
			"isa" = "PBXFileReference";
			"lastKnownFileType" = "sourcecode.swift";
			"path" = "PGYDepthDemo/Core/SubjectMasks.swift";
			"sourceTree" = "<group>";
		};
		"A196E7A8CEA19E9C05F81C79" = {
			"fileRef" = "A16BB2713E53DC98DBA91D0D";
			"isa" = "PBXBuildFile";
		};
		"A296CF4B7E708AB4E80076A9" = {
			"buildConfigurations" = (
				"E9B2E96ABC5F6856F2BE79CF",
				"5A8C91857F674E16E2724F47",
			);
			"defaultConfigurationIsVisible" = "0";
			"defaultConfigurationName" = "Release";
			"isa" = "XCConfigurationList";
		};
		"A30C021BBF48AFB1FD251A78" = {
			"fileRef" = "42FC43CB06AF79BE44C1A1CB";
			"isa" = "PBXBuildFile";
		};
		"A3B536CEC5AE3A4A3167642D" = {
			"fileRef" = "4E0EB8D64FC4C63976C2293E";
			"isa" = "PBXBuildFile";
		};
		"A6B3D1BE4F5F9FBAC1B123A4" = {
			"fileRef" = "1EEDB1E87BD929B97AA60721";
			"isa" = "PBXBuildFile";
		};
		"AA189274DDA4BD074CBB66FE" = {
			"buildActionMask" = "2147483647";
			"files" = (
				"4DC04B1012CFBB8C459E7AB3",
				"7D385C39C0888DDF671A905A",
				"0AD6ABDA1B1D24AB455AAB5B",
				"5854CDEE270C3BBA7044435D",
				"85ACFFD750A1F58C31770A29",
				"A196E7A8CEA19E9C05F81C79",
				"468C4E1EA43080D4270CD53C",
				"8D0675BAA2B49F4DE255FC36",
				"322042D878B8BB65BD326D05",
				"DADAB82BBFDE72F52D3EE11F",
				"97982B602F2977C6843FE1E1",
				"BBF5C1C11EFDDB0441CB08EB",
				"65593D177715FA5CD739FA7A",
				"36B331B3E766D04AAB11013F",
				"5458371C670E275C1715A570",
				"BF4F181ECAE5110420FA7C1A",
				"00694448F828D7C21AC6AFD6",
				"5FD44A720CC59C5836132F95",
				"388CEBA65F01473492717E7F",
				"8F662BDA42B940A5C936BF62",
				"2A29A8C7E653D4DBCA757D07",
				"F9A1B4CDBE9212DD620DD297",
				"63FD85D64FFA95F10BBA1050",
				"0BBD343A34F89D3F4FFFDBA7",
				"6B00C7F6BAB8320932B55F23",
			);
			"isa" = "PBXSourcesBuildPhase";
			"runOnlyForDeploymentPostprocessing" = "0";
		};
		"AA4ACA445B3FBAF47CDE31AC" = {
			"isa" = "PBXFileReference";
			"lastKnownFileType" = "net.daringfireball.markdown";
			"path" = "README.md";
			"sourceTree" = "<group>";
		};
		"ABDB83D8BAD8839EE45E2E2F" = {
			"isa" = "PBXFileReference";
			"lastKnownFileType" = "sourcecode.swift";
			"path" = "PGYDepthDemo/Imaging/PixelBufferReader.swift";
			"sourceTree" = "<group>";
		};
		"ADA00C0CA61D66D19103BCA7" = {
			"isa" = "PBXFileReference";
			"lastKnownFileType" = "folder.mlpackage";
			"path" = "PGYDepthDemo/Resources/Models/DepthAnythingV2SmallF16.mlpackage";
			"sourceTree" = "<group>";
		};
		"AE77BC712D42DF74CC7FF76F" = {
			"fileRef" = "DD2AE742B3F8993F1368EFB3";
			"isa" = "PBXBuildFile";
		};
		"B6B88D528A146A797610E076" = {
			"isa" = "PBXFileReference";
			"lastKnownFileType" = "sourcecode.swift";
			"path" = "PGYDepthDemo/Imaging/OfflineDepthEstimator.swift";
			"sourceTree" = "<group>";
		};
		"BBD1A4309DD6635F34F23AFF" = {
			"buildConfigurations" = (
				"0F3D67935A4F199E058A017A",
				"20B70E15FDC36C625E57F658",
			);
			"defaultConfigurationIsVisible" = "0";
			"defaultConfigurationName" = "Release";
			"isa" = "XCConfigurationList";
		};
		"BBF5C1C11EFDDB0441CB08EB" = {
			"fileRef" = "ABDB83D8BAD8839EE45E2E2F";
			"isa" = "PBXBuildFile";
		};
		"BF4F181ECAE5110420FA7C1A" = {
			"fileRef" = "059B2AB4904EA3BC1510A526";
			"isa" = "PBXBuildFile";
		};
		"BFC937463906E5DB7A02A37C" = {
			"children" = (
				"1EEDB1E87BD929B97AA60721",
				"E26CB7841AE1D91A07BC586F",
				"CC3717FB8D91C26FA7C660DF",
				"9C0345464CE7EDAC9B2119FA",
				"783620D0A9B5C08AB8E6E8F4",
				"6B62F45C1AB54F57EB47AC57",
				"FA7A94155BEC7FFBEAD8546A",
				"D09BC193AFEF8AB741F53515",
				"23053BA9103A22D6D431595B",
				"43636CD4F562D685873A3915",
				"5F6CC23D3EEEC3E84260DD6C",
				"9583C047CE64A1BD1AFD7B19",
				"DD2AE742B3F8993F1368EFB3",
			);
			"isa" = "PBXGroup";
			"name" = "Tests";
			"sourceTree" = "<group>";
		};
		"C13732C8E715C9BEE4FA51C9" = {
			"buildConfigurationList" = "A296CF4B7E708AB4E80076A9";
			"buildPhases" = (
				"AA189274DDA4BD074CBB66FE",
				"78AE8C6BEB2A40A6D824CCEE",
				"06A564AACE985B9950D1CEF3",
			);
			"buildRules" = (
			);
			"dependencies" = (
			);
			"isa" = "PBXNativeTarget";
			"name" = "PGYDepthDemo";
			"productName" = "PGYDepthDemo";
			"productReference" = "8BCD5BC4CDFDF0918087C782";
			"productType" = "com.apple.product-type.application";
		};
		"C44D0F0889ECBC3C6F0B7AC6" = {
			"isa" = "PBXFileReference";
			"lastKnownFileType" = "sourcecode.swift";
			"path" = "PGYDepthDemo/UI/DepthEditorView.swift";
			"sourceTree" = "<group>";
		};
		"C58B1D22E6B06406536A4294" = {
			"isa" = "PBXTargetDependency";
			"target" = "C13732C8E715C9BEE4FA51C9";
			"targetProxy" = "E9CA66683FF22D7B8CC65928";
		};
		"C6EA71B140FBFACE48DD7EA3" = {
			"fileRef" = "5F6CC23D3EEEC3E84260DD6C";
			"isa" = "PBXBuildFile";
		};
		"CC3717FB8D91C26FA7C660DF" = {
			"isa" = "PBXFileReference";
			"lastKnownFileType" = "sourcecode.swift";
			"path" = "Tests/DepthCoreTests/SubjectMaskTests.swift";
			"sourceTree" = "<group>";
		};
		"CCDE047781498271DFE3F6E8" = {
			"isa" = "PBXFileReference";
			"lastKnownFileType" = "sourcecode.swift";
			"path" = "PGYDepthDemo/Imaging/PhotoPipeline.swift";
			"sourceTree" = "<group>";
		};
		"D09BC193AFEF8AB741F53515" = {
			"isa" = "PBXFileReference";
			"lastKnownFileType" = "text.json";
			"path" = "Tests/Fixtures/ReferenceLayers.json";
			"sourceTree" = "<group>";
		};
		"D2363CBAB8F7D6A61D03A841" = {
			"isa" = "PBXFileReference";
			"lastKnownFileType" = "sourcecode.swift";
			"path" = "PGYDepthDemo/UI/LayerEditorView.swift";
			"sourceTree" = "<group>";
		};
		"D6D3EFCD007A068187E3C9F7" = {
			"buildActionMask" = "2147483647";
			"files" = (
				"A6B3D1BE4F5F9FBAC1B123A4",
				"90C7DA61816622A5DEC48B86",
				"781C382D6CB5E746D0C1A1E1",
				"7072E384B5829D4867024236",
				"1459B37E144B9A1F20B304CF",
				"0AB060A176FCFFBF1E43EA32",
				"7A89BF9D4E0E909EC74A5984",
				"09B0AF2B5F371E7B11BF156E",
				"A0FD69ABAF129BB140E7A283",
				"C6EA71B140FBFACE48DD7EA3",
			);
			"isa" = "PBXSourcesBuildPhase";
			"runOnlyForDeploymentPostprocessing" = "0";
		};
		"DADAB82BBFDE72F52D3EE11F" = {
			"fileRef" = "F7FA114F8EFAD8CDA2BC1DBD";
			"isa" = "PBXBuildFile";
		};
		"DD2AE742B3F8993F1368EFB3" = {
			"isa" = "PBXFileReference";
			"lastKnownFileType" = "text.json";
			"path" = "Tests/Fixtures/AutomaticReference.json";
			"sourceTree" = "<group>";
		};
		"DE31F2DA4F38AA6EFCEB6806" = {
			"isa" = "PBXFileReference";
			"lastKnownFileType" = "sourcecode.swift";
			"path" = "PGYDepthDemo/UI/EditorPanel.swift";
			"sourceTree" = "<group>";
		};
		"DEFC8B567BAE23C84A832BC8" = {
			"isa" = "PBXFileReference";
			"lastKnownFileType" = "sourcecode.swift";
			"path" = "PGYDepthDemo/Imaging/ImageSupport.swift";
			"sourceTree" = "<group>";
		};
		"E0CE9343BBFFF169E3BCA18A" = {
			"fileRef" = "9583C047CE64A1BD1AFD7B19";
			"isa" = "PBXBuildFile";
		};
		"E26CB7841AE1D91A07BC586F" = {
			"isa" = "PBXFileReference";
			"lastKnownFileType" = "sourcecode.swift";
			"path" = "Tests/DepthCoreTests/DraftStoreTests.swift";
			"sourceTree" = "<group>";
		};
		"E499EACA301647D4A134B2C2" = {
			"isa" = "PBXFileReference";
			"lastKnownFileType" = "text";
			"path" = "PGYDepthDemo/Resources/Apache-2.0.txt";
			"sourceTree" = "<group>";
		};
		"E50290A24C49A459B43487C5" = {
			"children" = (
				"1BDBD24583AAF7F81F76B976",
				"27EDA01F986DA5EFCB134E3D",
				"BFC937463906E5DB7A02A37C",
				"AA4ACA445B3FBAF47CDE31AC",
				"51A714F4FDBC7A83BF87E146",
				"FBDC4F23F93125BBEEAE800C",
			);
			"isa" = "PBXGroup";
			"sourceTree" = "<group>";
		};
		"E56E7B1DDFFD9620669FE97B" = {
			"isa" = "PBXFileReference";
			"lastKnownFileType" = "image.png";
			"path" = "PGYDepthDemo/Resources/ReferencePhoto.png";
			"sourceTree" = "<group>";
		};
		"E6DE6C99132752C914FEF632" = {
			"buildSettings" = {
				"ALWAYS_SEARCH_USER_PATHS" = "NO";
				"CLANG_ENABLE_MODULES" = "YES";
				"CLANG_ENABLE_OBJC_ARC" = "YES";
				"CLANG_WARN_DOCUMENTATION_COMMENTS" = "YES";
				"DEBUG_INFORMATION_FORMAT" = "dwarf-with-dsym";
				"ENABLE_TESTABILITY" = "NO";
				"ENABLE_USER_SCRIPT_SANDBOXING" = "YES";
				"GCC_NO_COMMON_BLOCKS" = "YES";
				"IPHONEOS_DEPLOYMENT_TARGET" = "17.0";
				"ONLY_ACTIVE_ARCH" = "NO";
				"SDKROOT" = "iphoneos";
				"SWIFT_COMPILATION_MODE" = "wholemodule";
				"SWIFT_OPTIMIZATION_LEVEL" = "-O";
				"SWIFT_STRICT_CONCURRENCY" = "minimal";
				"SWIFT_VERSION" = "5.0";
			};
			"isa" = "XCBuildConfiguration";
			"name" = "Release";
		};
		"E9B2E96ABC5F6856F2BE79CF" = {
			"buildSettings" = {
				"CODE_SIGN_STYLE" = "Automatic";
				"COREML_CODEGEN_LANGUAGE" = "Swift";
				"CURRENT_PROJECT_VERSION" = "4";
				"DEVELOPMENT_TEAM" = "";
				"GENERATE_INFOPLIST_FILE" = "NO";
				"INFOPLIST_FILE" = "PGYDepthDemo/Resources/Info.plist";
				"LD_RUNPATH_SEARCH_PATHS" = (
					"$(inherited)",
					"@executable_path/Frameworks",
				);
				"MARKETING_VERSION" = "4.0";
				"PRODUCT_BUNDLE_IDENTIFIER" = "com.pgy.depthdemo";
				"PRODUCT_NAME" = "$(TARGET_NAME)";
				"SUPPORTED_PLATFORMS" = "iphoneos iphonesimulator";
				"SUPPORTS_MACCATALYST" = "NO";
				"SUPPORTS_MAC_DESIGNED_FOR_IPHONE_IPAD" = "NO";
				"SWIFT_EMIT_LOC_STRINGS" = "NO";
				"TARGETED_DEVICE_FAMILY" = "1";
			};
			"isa" = "XCBuildConfiguration";
			"name" = "Debug";
		};
		"E9CA66683FF22D7B8CC65928" = {
			"containerPortal" = "98F54143AB4E86B28C3AFEE0";
			"isa" = "PBXContainerItemProxy";
			"proxyType" = "1";
			"remoteGlobalIDString" = "C13732C8E715C9BEE4FA51C9";
			"remoteInfo" = "PGYDepthDemo";
		};
		"ED736F39B485F0B4AD799429" = {
			"isa" = "PBXFileReference";
			"lastKnownFileType" = "text.plist.xml";
			"path" = "PGYDepthDemo/Resources/Info.plist";
			"sourceTree" = "<group>";
		};
		"F219C0274590DA45E4BEF1EA" = {
			"explicitFileType" = "wrapper.cfbundle";
			"includeInIndex" = "0";
			"isa" = "PBXFileReference";
			"path" = "PGYDepthDemoTests.xctest";
			"sourceTree" = "BUILT_PRODUCTS_DIR";
		};
		"F2A0095C16D09A6992C4534D" = {
			"isa" = "PBXFileReference";
			"lastKnownFileType" = "sourcecode.swift";
			"path" = "PGYDepthDemo/State/EditorModel.swift";
			"sourceTree" = "<group>";
		};
		"F7FA114F8EFAD8CDA2BC1DBD" = {
			"isa" = "PBXFileReference";
			"lastKnownFileType" = "sourcecode.swift";
			"path" = "PGYDepthDemo/Imaging/PhotoLoader.swift";
			"sourceTree" = "<group>";
		};
		"F9A1B4CDBE9212DD620DD297" = {
			"fileRef" = "3A165AB7CB62347783BD6AFF";
			"isa" = "PBXBuildFile";
		};
		"FA7A94155BEC7FFBEAD8546A" = {
			"isa" = "PBXFileReference";
			"lastKnownFileType" = "sourcecode.swift";
			"path" = "Tests/DepthCoreTests/LayerRegressionTests.swift";
			"sourceTree" = "<group>";
		};
		"FBDC4F23F93125BBEEAE800C" = {
			"children" = (
				"8BCD5BC4CDFDF0918087C782",
				"F219C0274590DA45E4BEF1EA",
			);
			"isa" = "PBXGroup";
			"name" = "Products";
			"sourceTree" = "<group>";
		};
	};
	"rootObject" = "98F54143AB4E86B28C3AFEE0";
}
